
Microsoft Visual Studio Solution File, Format Version 12.00
# Visual Studio Version 16
VisualStudioVersion = 16.0.30225.117
MinimumVisualStudioVersion = 10.0.40219.1
Project("{FAE04EC0-301F-11D3-BF4B-00C04F79EFBC}") = "Morpion", "Morpion.csproj", "{C69C53F1-3F17-401A-BC4B-293A88BCC50F}"
EndProject
Global
	GlobalSection(SolutionConfigurationPlatforms) = preSolution
		Debug|Any CPU = Debug|Any CPU
		Release|Any CPU = Release|Any CPU
	EndGlobalSection
	GlobalSection(ProjectConfigurationPlatforms) = postSolution
		{C69C53F1-3F17-401A-BC4B-293A88BCC50F}.Debug|Any CPU.ActiveCfg = Debug|Any CPU
		{C69C53F1-3F17-401A-BC4B-293A88BCC50F}.Debug|Any CPU.Build.0 = Debug|Any CPU
		{C69C53F1-3F17-401A-BC4B-293A88BCC50F}.Release|Any CPU.ActiveCfg = Release|Any CPU
		{C69C53F1-3F17-401A-BC4B-293A88BCC50F}.Release|Any CPU.Build.0 = Release|Any CPU
	EndGlobalSection
	GlobalSection(SolutionProperties) = preSolution
		HideSolutionNode = FALSE
	EndGlobalSection
	GlobalSection(ExtensibilityGlobals) = postSolution
		SolutionGuid = {22C572EE-3EC3-4C79-8A87-AC03023DACA2}
	EndGlobalSection
EndGlobal
